
Microsoft Visual Studio Solution File, Format Version 12.00
# Visual Studio Version 17
VisualStudioVersion = 17.7.34031.279
MinimumVisualStudioVersion = 10.0.40219.1
Project("{FAE04EC0-301F-11D3-BF4B-00C04F79EFBC}") = "TechBlog", "TechBlog\TechBlog.csproj", "{657B07EE-1B03-4DB4-8C3B-E7C9C01B72EE}"
EndProject
Global
	GlobalSection(SolutionConfigurationPlatforms) = preSolution
		Debug|Any CPU = Debug|Any CPU
		Release|Any CPU = Release|Any CPU
	EndGlobalSection
	GlobalSection(ProjectConfigurationPlatforms) = postSolution
		{657B07EE-1B03-4DB4-8C3B-E7C9C01B72EE}.Debug|Any CPU.ActiveCfg = Debug|Any CPU
		{657B07EE-1B03-4DB4-8C3B-E7C9C01B72EE}.Debug|Any CPU.Build.0 = Debug|Any CPU
		{657B07EE-1B03-4DB4-8C3B-E7C9C01B72EE}.Release|Any CPU.ActiveCfg = Release|Any CPU
		{657B07EE-1B03-4DB4-8C3B-E7C9C01B72EE}.Release|Any CPU.Build.0 = Release|Any CPU
	EndGlobalSection
	GlobalSection(SolutionProperties) = preSolution
		HideSolutionNode = FALSE
	EndGlobalSection
	GlobalSection(ExtensibilityGlobals) = postSolution
		SolutionGuid = {E956C23C-5161-42EA-8E94-6CFFF7CCFD3A}
	EndGlobalSection
EndGlobal
